
Microsoft Visual Studio Solution File, Format Version 12.00
# Visual Studio Version 17
VisualStudioVersion = 17.14.36518.9 d17.14
MinimumVisualStudioVersion = 10.0.40219.1
Project("{FAE04EC0-301F-11D3-BF4B-00C04F79EFBC}") = "DeepCodeAnalytics.UI", "DeepCodeAnalytics.UI\DeepCodeAnalytics.UI.csproj", "{C0B6F018-B659-481F-94A4-3C740D81B9A8}"
EndProject
Project("{FAE04EC0-301F-11D3-BF4B-00C04F79EFBC}") = "DeepCodeAnalytics.Application", "DeepCodeAnalytics.Application\DeepCodeAnalytics.Application.csproj", "{447CD29E-64E3-46AC-8E8F-C6FF7D0632BB}"
EndProject
Project("{FAE04EC0-301F-11D3-BF4B-00C04F79EFBC}") = "DeepCodeAnalytics.Domain", "DeepCodeAnalytics.Domain\DeepCodeAnalytics.Domain.csproj", "{C19971BD-AF40-4B01-8E97-E2D66CC45A62}"
EndProject
Project("{FAE04EC0-301F-11D3-BF4B-00C04F79EFBC}") = "DeepCodeAnalytics.Infrastructure", "DeepCodeAnalytics.Infrastructure\DeepCodeAnalytics.Infrastructure.csproj", "{04CB09EF-892D-4EF6-A3C7-BF05BAD2CC90}"
EndProject
Global
	GlobalSection(SolutionConfigurationPlatforms) = preSolution
		Debug|Any CPU = Debug|Any CPU
		Release|Any CPU = Release|Any CPU
	EndGlobalSection
	GlobalSection(ProjectConfigurationPlatforms) = postSolution
		{C0B6F018-B659-481F-94A4-3C740D81B9A8}.Debug|Any CPU.ActiveCfg = Debug|Any CPU
		{C0B6F018-B659-481F-94A4-3C740D81B9A8}.Debug|Any CPU.Build.0 = Debug|Any CPU
		{C0B6F018-B659-481F-94A4-3C740D81B9A8}.Release|Any CPU.ActiveCfg = Release|Any CPU
		{C0B6F018-B659-481F-94A4-3C740D81B9A8}.Release|Any CPU.Build.0 = Release|Any CPU
		{447CD29E-64E3-46AC-8E8F-C6FF7D0632BB}.Debug|Any CPU.ActiveCfg = Debug|Any CPU
		{447CD29E-64E3-46AC-8E8F-C6FF7D0632BB}.Debug|Any CPU.Build.0 = Debug|Any CPU
		{447CD29E-64E3-46AC-8E8F-C6FF7D0632BB}.Release|Any CPU.ActiveCfg = Release|Any CPU
		{447CD29E-64E3-46AC-8E8F-C6FF7D0632BB}.Release|Any CPU.Build.0 = Release|Any CPU
		{C19971BD-AF40-4B01-8E97-E2D66CC45A62}.Debug|Any CPU.ActiveCfg = Debug|Any CPU
		{C19971BD-AF40-4B01-8E97-E2D66CC45A62}.Debug|Any CPU.Build.0 = Debug|Any CPU
		{C19971BD-AF40-4B01-8E97-E2D66CC45A62}.Release|Any CPU.ActiveCfg = Release|Any CPU
		{C19971BD-AF40-4B01-8E97-E2D66CC45A62}.Release|Any CPU.Build.0 = Release|Any CPU
		{04CB09EF-892D-4EF6-A3C7-BF05BAD2CC90}.Debug|Any CPU.ActiveCfg = Debug|Any CPU
		{04CB09EF-892D-4EF6-A3C7-BF05BAD2CC90}.Debug|Any CPU.Build.0 = Debug|Any CPU
		{04CB09EF-892D-4EF6-A3C7-BF05BAD2CC90}.Release|Any CPU.ActiveCfg = Release|Any CPU
		{04CB09EF-892D-4EF6-A3C7-BF05BAD2CC90}.Release|Any CPU.Build.0 = Release|Any CPU
	EndGlobalSection
	GlobalSection(SolutionProperties) = preSolution
		HideSolutionNode = FALSE
	EndGlobalSection
	GlobalSection(ExtensibilityGlobals) = postSolution
		SolutionGuid = {6730EFCF-22ED-411F-B194-7E403535BC78}
	EndGlobalSection
EndGlobal
